
Microsoft Visual Studio Solution File, Format Version 12.00
# Visual Studio 15
VisualStudioVersion = 15.0.27703.2047
MinimumVisualStudioVersion = 10.0.40219.1
Project("{FAE04EC0-301F-11D3-BF4B-00C04F79EFBC}") = "HomeWork5", "HomeWork5\HomeWork5.csproj", "{1E63AD1F-E382-4424-8AD8-136F987431CC}"
EndProject
Project("{FAE04EC0-301F-11D3-BF4B-00C04F79EFBC}") = "HomeWork5_2", "HomeWork5_2\HomeWork5_2.csproj", "{5112F64D-1CCC-4922-9E3F-6F9D97A9B60F}"
EndProject
Project("{FAE04EC0-301F-11D3-BF4B-00C04F79EFBC}") = "HomeWork5_3", "HomeWork5_3\HomeWork5_3.csproj", "{97A7D43F-87B8-48E9-A514-AE404251A862}"
EndProject
Global
	GlobalSection(SolutionConfigurationPlatforms) = preSolution
		Debug|Any CPU = Debug|Any CPU
		Release|Any CPU = Release|Any CPU
	EndGlobalSection
	GlobalSection(ProjectConfigurationPlatforms) = postSolution
		{1E63AD1F-E382-4424-8AD8-136F987431CC}.Debug|Any CPU.ActiveCfg = Debug|Any CPU
		{1E63AD1F-E382-4424-8AD8-136F987431CC}.Debug|Any CPU.Build.0 = Debug|Any CPU
		{1E63AD1F-E382-4424-8AD8-136F987431CC}.Release|Any CPU.ActiveCfg = Release|Any CPU
		{1E63AD1F-E382-4424-8AD8-136F987431CC}.Release|Any CPU.Build.0 = Release|Any CPU
		{5112F64D-1CCC-4922-9E3F-6F9D97A9B60F}.Debug|Any CPU.ActiveCfg = Debug|Any CPU
		{5112F64D-1CCC-4922-9E3F-6F9D97A9B60F}.Debug|Any CPU.Build.0 = Debug|Any CPU
		{5112F64D-1CCC-4922-9E3F-6F9D97A9B60F}.Release|Any CPU.ActiveCfg = Release|Any CPU
		{5112F64D-1CCC-4922-9E3F-6F9D97A9B60F}.Release|Any CPU.Build.0 = Release|Any CPU
		{97A7D43F-87B8-48E9-A514-AE404251A862}.Debug|Any CPU.ActiveCfg = Debug|Any CPU
		{97A7D43F-87B8-48E9-A514-AE404251A862}.Debug|Any CPU.Build.0 = Debug|Any CPU
		{97A7D43F-87B8-48E9-A514-AE404251A862}.Release|Any CPU.ActiveCfg = Release|Any CPU
		{97A7D43F-87B8-48E9-A514-AE404251A862}.Release|Any CPU.Build.0 = Release|Any CPU
	EndGlobalSection
	GlobalSection(SolutionProperties) = preSolution
		HideSolutionNode = FALSE
	EndGlobalSection
	GlobalSection(ExtensibilityGlobals) = postSolution
		SolutionGuid = {54B6A8AF-2807-4073-A73B-126C1F175113}
	EndGlobalSection
EndGlobal
