
Microsoft Visual Studio Solution File, Format Version 12.00
# Visual Studio 15
VisualStudioVersion = 15.0.28010.2036
MinimumVisualStudioVersion = 10.0.40219.1
Project("{FAE04EC0-301F-11D3-BF4B-00C04F79EFBC}") = "HomeWorkOOP8", "HomeWorkOOP8\HomeWorkOOP8.csproj", "{EF06CD04-5E19-4052-852B-742345C4DC31}"
EndProject
Global
	GlobalSection(SolutionConfigurationPlatforms) = preSolution
		Debug|Any CPU = Debug|Any CPU
		Release|Any CPU = Release|Any CPU
	EndGlobalSection
	GlobalSection(ProjectConfigurationPlatforms) = postSolution
		{EF06CD04-5E19-4052-852B-742345C4DC31}.Debug|Any CPU.ActiveCfg = Debug|Any CPU
		{EF06CD04-5E19-4052-852B-742345C4DC31}.Debug|Any CPU.Build.0 = Debug|Any CPU
		{EF06CD04-5E19-4052-852B-742345C4DC31}.Release|Any CPU.ActiveCfg = Release|Any CPU
		{EF06CD04-5E19-4052-852B-742345C4DC31}.Release|Any CPU.Build.0 = Release|Any CPU
	EndGlobalSection
	GlobalSection(SolutionProperties) = preSolution
		HideSolutionNode = FALSE
	EndGlobalSection
	GlobalSection(ExtensibilityGlobals) = postSolution
		SolutionGuid = {B02839FD-751E-4EC4-BA24-BD7FF0A77528}
	EndGlobalSection
EndGlobal
