
Microsoft Visual Studio Solution File, Format Version 12.00
# Visual Studio 15
VisualStudioVersion = 15.0.28010.2003
MinimumVisualStudioVersion = 10.0.40219.1
Project("{FAE04EC0-301F-11D3-BF4B-00C04F79EFBC}") = "HomeWork7", "HomeWork7\HomeWork7.csproj", "{1D456A58-FFE1-415C-8FE9-3DA60A91D35C}"
EndProject
Project("{FAE04EC0-301F-11D3-BF4B-00C04F79EFBC}") = "HomeWork7_1", "HomeWork7_1\HomeWork7_1.csproj", "{3F25BE7C-910A-4E04-A83B-71B8F7787317}"
EndProject
Project("{FAE04EC0-301F-11D3-BF4B-00C04F79EFBC}") = "HomeWork7_2", "HomeWork7_2\HomeWork7_2.csproj", "{1F0B938C-1D28-43B7-9AA2-F616E40A76BF}"
EndProject
Global
	GlobalSection(SolutionConfigurationPlatforms) = preSolution
		Debug|Any CPU = Debug|Any CPU
		Release|Any CPU = Release|Any CPU
	EndGlobalSection
	GlobalSection(ProjectConfigurationPlatforms) = postSolution
		{1D456A58-FFE1-415C-8FE9-3DA60A91D35C}.Debug|Any CPU.ActiveCfg = Debug|Any CPU
		{1D456A58-FFE1-415C-8FE9-3DA60A91D35C}.Debug|Any CPU.Build.0 = Debug|Any CPU
		{1D456A58-FFE1-415C-8FE9-3DA60A91D35C}.Release|Any CPU.ActiveCfg = Release|Any CPU
		{1D456A58-FFE1-415C-8FE9-3DA60A91D35C}.Release|Any CPU.Build.0 = Release|Any CPU
		{3F25BE7C-910A-4E04-A83B-71B8F7787317}.Debug|Any CPU.ActiveCfg = Debug|Any CPU
		{3F25BE7C-910A-4E04-A83B-71B8F7787317}.Debug|Any CPU.Build.0 = Debug|Any CPU
		{3F25BE7C-910A-4E04-A83B-71B8F7787317}.Release|Any CPU.ActiveCfg = Release|Any CPU
		{3F25BE7C-910A-4E04-A83B-71B8F7787317}.Release|Any CPU.Build.0 = Release|Any CPU
		{1F0B938C-1D28-43B7-9AA2-F616E40A76BF}.Debug|Any CPU.ActiveCfg = Debug|Any CPU
		{1F0B938C-1D28-43B7-9AA2-F616E40A76BF}.Debug|Any CPU.Build.0 = Debug|Any CPU
		{1F0B938C-1D28-43B7-9AA2-F616E40A76BF}.Release|Any CPU.ActiveCfg = Release|Any CPU
		{1F0B938C-1D28-43B7-9AA2-F616E40A76BF}.Release|Any CPU.Build.0 = Release|Any CPU
	EndGlobalSection
	GlobalSection(SolutionProperties) = preSolution
		HideSolutionNode = FALSE
	EndGlobalSection
	GlobalSection(ExtensibilityGlobals) = postSolution
		SolutionGuid = {9BEB1697-6B88-4C25-9BED-5AF288867030}
	EndGlobalSection
EndGlobal
