
Microsoft Visual Studio Solution File, Format Version 12.00
# Visual Studio 15
VisualStudioVersion = 15.0.28010.2016
MinimumVisualStudioVersion = 10.0.40219.1
Project("{FAE04EC0-301F-11D3-BF4B-00C04F79EFBC}") = "HomeWorkOOP2", "HomeWorkOOP2\HomeWorkOOP2.csproj", "{CC9A9DEE-68EE-4180-953A-74FB7BB915DD}"
EndProject
Project("{FAE04EC0-301F-11D3-BF4B-00C04F79EFBC}") = "HomeWorkOOP2_1", "HomeWorkOOP2_1\HomeWorkOOP2_1.csproj", "{34459504-EC58-4C6B-997D-1CD25503F2FC}"
EndProject
Global
	GlobalSection(SolutionConfigurationPlatforms) = preSolution
		Debug|Any CPU = Debug|Any CPU
		Release|Any CPU = Release|Any CPU
	EndGlobalSection
	GlobalSection(ProjectConfigurationPlatforms) = postSolution
		{CC9A9DEE-68EE-4180-953A-74FB7BB915DD}.Debug|Any CPU.ActiveCfg = Debug|Any CPU
		{CC9A9DEE-68EE-4180-953A-74FB7BB915DD}.Debug|Any CPU.Build.0 = Debug|Any CPU
		{CC9A9DEE-68EE-4180-953A-74FB7BB915DD}.Release|Any CPU.ActiveCfg = Release|Any CPU
		{CC9A9DEE-68EE-4180-953A-74FB7BB915DD}.Release|Any CPU.Build.0 = Release|Any CPU
		{34459504-EC58-4C6B-997D-1CD25503F2FC}.Debug|Any CPU.ActiveCfg = Debug|Any CPU
		{34459504-EC58-4C6B-997D-1CD25503F2FC}.Debug|Any CPU.Build.0 = Debug|Any CPU
		{34459504-EC58-4C6B-997D-1CD25503F2FC}.Release|Any CPU.ActiveCfg = Release|Any CPU
		{34459504-EC58-4C6B-997D-1CD25503F2FC}.Release|Any CPU.Build.0 = Release|Any CPU
	EndGlobalSection
	GlobalSection(SolutionProperties) = preSolution
		HideSolutionNode = FALSE
	EndGlobalSection
	GlobalSection(ExtensibilityGlobals) = postSolution
		SolutionGuid = {A72A5EC4-6FDF-4814-99A7-F324DA561069}
	EndGlobalSection
EndGlobal
